// !$*UTF8*$!
{
	archiveVersion = 1;
	classes = {
	};
	objectVersion = 55;
	objects = {

/* Begin PBXBuildFile section */
		773166EA292CE74D00192610 /* Auth0DemoAppTests.swift in Sources */ = {isa = PBXBuildFile; fileRef = 773166E9292CE74D00192610 /* Auth0DemoAppTests.swift */; };
		773166F5292CEA8E00192610 /* ViewDidLoadModifier.swift in Sources */ = {isa = PBXBuildFile; fileRef = 773166F4292CEA8E00192610 /* ViewDidLoadModifier.swift */; };
		777E060428A0C4D200C0C541 /* Auth0DemoAppApp.swift in Sources */ = {isa = PBXBuildFile; fileRef = 777E060328A0C4D200C0C541 /* Auth0DemoAppApp.swift */; };
		777E060828A0C4D400C0C541 /* Assets.xcassets in Resources */ = {isa = PBXBuildFile; fileRef = 777E060728A0C4D400C0C541 /* Assets.xcassets */; };
		777E060B28A0C4D400C0C541 /* Preview Assets.xcassets in Resources */ = {isa = PBXBuildFile; fileRef = 777E060A28A0C4D400C0C541 /* Preview Assets.xcassets */; };
		777E061328A0C65E00C0C541 /* Auth0 in Frameworks */ = {isa = PBXBuildFile; productRef = 777E061228A0C65E00C0C541 /* Auth0 */; };
		777E061528A0C69300C0C541 /* ProfileView.swift in Sources */ = {isa = PBXBuildFile; fileRef = 777E061428A0C69300C0C541 /* ProfileView.swift */; };
		777E061728A0C6B500C0C541 /* UserModel.swift in Sources */ = {isa = PBXBuildFile; fileRef = 777E061628A0C6B500C0C541 /* UserModel.swift */; };
		777E061928A0C81300C0C541 /* AuthView.swift in Sources */ = {isa = PBXBuildFile; fileRef = 777E061828A0C81300C0C541 /* AuthView.swift */; };
		777E061B28A0C89D00C0C541 /* AuthViewModel.swift in Sources */ = {isa = PBXBuildFile; fileRef = 777E061A28A0C89D00C0C541 /* AuthViewModel.swift */; };
		777E061D28A0C9D300C0C541 /* AuthService.swift in Sources */ = {isa = PBXBuildFile; fileRef = 777E061C28A0C9D300C0C541 /* AuthService.swift */; };
		777E061F28A0D63D00C0C541 /* ViewModelFactory.swift in Sources */ = {isa = PBXBuildFile; fileRef = 777E061E28A0D63D00C0C541 /* ViewModelFactory.swift */; };
		777E062228A0DC3A00C0C541 /* ViewExtensions.swift in Sources */ = {isa = PBXBuildFile; fileRef = 777E062128A0DC3A00C0C541 /* ViewExtensions.swift */; };
		777E062428A0E18900C0C541 /* DefaultStorage.swift in Sources */ = {isa = PBXBuildFile; fileRef = 777E062328A0E18900C0C541 /* DefaultStorage.swift */; };
		777E062628A0FE6300C0C541 /* AppRouter.swift in Sources */ = {isa = PBXBuildFile; fileRef = 777E062528A0FE6300C0C541 /* AppRouter.swift */; };
		777E062828A0FE8100C0C541 /* AppRouterViewModel.swift in Sources */ = {isa = PBXBuildFile; fileRef = 777E062728A0FE8100C0C541 /* AppRouterViewModel.swift */; };
		77C60CC028A2B063005ED8BC /* MainSreenView.swift in Sources */ = {isa = PBXBuildFile; fileRef = 77C60CBF28A2B063005ED8BC /* MainSreenView.swift */; };
		77C60CC228A2B073005ED8BC /* MainSreenViewModel.swift in Sources */ = {isa = PBXBuildFile; fileRef = 77C60CC128A2B073005ED8BC /* MainSreenViewModel.swift */; };
/* End PBXBuildFile section */

/* Begin PBXContainerItemProxy section */
		773166EB292CE74D00192610 /* PBXContainerItemProxy */ = {
			isa = PBXContainerItemProxy;
			containerPortal = 777E05F828A0C4D200C0C541 /* Project object */;
			proxyType = 1;
			remoteGlobalIDString = 777E05FF28A0C4D200C0C541;
			remoteInfo = Auth0DemoApp;
		};
/* End PBXContainerItemProxy section */

/* Begin PBXFileReference section */
		773166E7292CE74D00192610 /* Auth0DemoAppTests.xctest */ = {isa = PBXFileReference; explicitFileType = wrapper.cfbundle; includeInIndex = 0; path = Auth0DemoAppTests.xctest; sourceTree = BUILT_PRODUCTS_DIR; };
		773166E9292CE74D00192610 /* Auth0DemoAppTests.swift */ = {isa = PBXFileReference; lastKnownFileType = sourcecode.swift; path = Auth0DemoAppTests.swift; sourceTree = "<group>"; };
		773166F4292CEA8E00192610 /* ViewDidLoadModifier.swift */ = {isa = PBXFileReference; lastKnownFileType = sourcecode.swift; path = ViewDidLoadModifier.swift; sourceTree = "<group>"; };
		777E060028A0C4D200C0C541 /* Auth0DemoApp.app */ = {isa = PBXFileReference; explicitFileType = wrapper.application; includeInIndex = 0; path = Auth0DemoApp.app; sourceTree = BUILT_PRODUCTS_DIR; };
		777E060328A0C4D200C0C541 /* Auth0DemoAppApp.swift */ = {isa = PBXFileReference; lastKnownFileType = sourcecode.swift; path = Auth0DemoAppApp.swift; sourceTree = "<group>"; };
		777E060728A0C4D400C0C541 /* Assets.xcassets */ = {isa = PBXFileReference; lastKnownFileType = folder.assetcatalog; path = Assets.xcassets; sourceTree = "<group>"; };
		777E060A28A0C4D400C0C541 /* Preview Assets.xcassets */ = {isa = PBXFileReference; lastKnownFileType = folder.assetcatalog; path = "Preview Assets.xcassets"; sourceTree = "<group>"; };
		777E061428A0C69300C0C541 /* ProfileView.swift */ = {isa = PBXFileReference; lastKnownFileType = sourcecode.swift; path = ProfileView.swift; sourceTree = "<group>"; };
		777E061628A0C6B500C0C541 /* UserModel.swift */ = {isa = PBXFileReference; lastKnownFileType = sourcecode.swift; path = UserModel.swift; sourceTree = "<group>"; };
		777E061828A0C81300C0C541 /* AuthView.swift */ = {isa = PBXFileReference; lastKnownFileType = sourcecode.swift; path = AuthView.swift; sourceTree = "<group>"; };
		777E061A28A0C89D00C0C541 /* AuthViewModel.swift */ = {isa = PBXFileReference; lastKnownFileType = sourcecode.swift; path = AuthViewModel.swift; sourceTree = "<group>"; };
		777E061C28A0C9D300C0C541 /* AuthService.swift */ = {isa = PBXFileReference; lastKnownFileType = sourcecode.swift; path = AuthService.swift; sourceTree = "<group>"; };
		777E061E28A0D63D00C0C541 /* ViewModelFactory.swift */ = {isa = PBXFileReference; lastKnownFileType = sourcecode.swift; path = ViewModelFactory.swift; sourceTree = "<group>"; };
		777E062128A0DC3A00C0C541 /* ViewExtensions.swift */ = {isa = PBXFileReference; lastKnownFileType = sourcecode.swift; path = ViewExtensions.swift; sourceTree = "<group>"; };
		777E062328A0E18900C0C541 /* DefaultStorage.swift */ = {isa = PBXFileReference; lastKnownFileType = sourcecode.swift; path = DefaultStorage.swift; sourceTree = "<group>"; };
		777E062528A0FE6300C0C541 /* AppRouter.swift */ = {isa = PBXFileReference; lastKnownFileType = sourcecode.swift; path = AppRouter.swift; sourceTree = "<group>"; };
		777E062728A0FE8100C0C541 /* AppRouterViewModel.swift */ = {isa = PBXFileReference; lastKnownFileType = sourcecode.swift; path = AppRouterViewModel.swift; sourceTree = "<group>"; };
		77C60CBF28A2B063005ED8BC /* MainSreenView.swift */ = {isa = PBXFileReference; lastKnownFileType = sourcecode.swift; path = MainSreenView.swift; sourceTree = "<group>"; };
		77C60CC128A2B073005ED8BC /* MainSreenViewModel.swift */ = {isa = PBXFileReference; lastKnownFileType = sourcecode.swift; path = MainSreenViewModel.swift; sourceTree = "<group>"; };
		77C60CCA28A4CD32005ED8BC /* Info.plist */ = {isa = PBXFileReference; lastKnownFileType = text.plist; path = Info.plist; sourceTree = "<group>"; };
/* End PBXFileReference section */

/* Begin PBXFrameworksBuildPhase section */
		773166E4292CE74D00192610 /* Frameworks */ = {
			isa = PBXFrameworksBuildPhase;
			buildActionMask = 2147483647;
			files = (
			);
			runOnlyForDeploymentPostprocessing = 0;
		};
		777E05FD28A0C4D200C0C541 /* Frameworks */ = {
			isa = PBXFrameworksBuildPhase;
			buildActionMask = 2147483647;
			files = (
				777E061328A0C65E00C0C541 /* Auth0 in Frameworks */,
			);
			runOnlyForDeploymentPostprocessing = 0;
		};
/* End PBXFrameworksBuildPhase section */

/* Begin PBXGroup section */
		773166E8292CE74D00192610 /* Auth0DemoAppTests */ = {
			isa = PBXGroup;
			children = (
				773166E9292CE74D00192610 /* Auth0DemoAppTests.swift */,
			);
			path = Auth0DemoAppTests;
			sourceTree = "<group>";
		};
		777E05F728A0C4D200C0C541 = {
			isa = PBXGroup;
			children = (
				777E060228A0C4D200C0C541 /* Auth0DemoApp */,
				773166E8292CE74D00192610 /* Auth0DemoAppTests */,
				777E060128A0C4D200C0C541 /* Products */,
			);
			sourceTree = "<group>";
		};
		777E060128A0C4D200C0C541 /* Products */ = {
			isa = PBXGroup;
			children = (
				777E060028A0C4D200C0C541 /* Auth0DemoApp.app */,
				773166E7292CE74D00192610 /* Auth0DemoAppTests.xctest */,
			);
			name = Products;
			sourceTree = "<group>";
		};
		777E060228A0C4D200C0C541 /* Auth0DemoApp */ = {
			isa = PBXGroup;
			children = (
				77C60CCA28A4CD32005ED8BC /* Info.plist */,
				777E060328A0C4D200C0C541 /* Auth0DemoAppApp.swift */,
				77C60CBD28A2B033005ED8BC /* Views */,
				77C60CBA28A2B004005ED8BC /* Models */,
				77C60CBB28A2B00F005ED8BC /* Auth */,
				77C60CBE28A2B03E005ED8BC /* Services */,
				77C60CC328A2B085005ED8BC /* MainScreen */,
				77C60CBC28A2B02A005ED8BC /* Router */,
				777E061E28A0D63D00C0C541 /* ViewModelFactory.swift */,
				777E062128A0DC3A00C0C541 /* ViewExtensions.swift */,
				773166F4292CEA8E00192610 /* ViewDidLoadModifier.swift */,
				777E062328A0E18900C0C541 /* DefaultStorage.swift */,
				777E060728A0C4D400C0C541 /* Assets.xcassets */,
				777E060928A0C4D400C0C541 /* Preview Content */,
			);
			path = Auth0DemoApp;
			sourceTree = "<group>";
		};
		777E060928A0C4D400C0C541 /* Preview Content */ = {
			isa = PBXGroup;
			children = (
				777E060A28A0C4D400C0C541 /* Preview Assets.xcassets */,
			);
			path = "Preview Content";
			sourceTree = "<group>";
		};
		77C60CBA28A2B004005ED8BC /* Models */ = {
			isa = PBXGroup;
			children = (
				777E061628A0C6B500C0C541 /* UserModel.swift */,
			);
			path = Models;
			sourceTree = "<group>";
		};
		77C60CBB28A2B00F005ED8BC /* Auth */ = {
			isa = PBXGroup;
			children = (
				777E061828A0C81300C0C541 /* AuthView.swift */,
				777E061A28A0C89D00C0C541 /* AuthViewModel.swift */,
			);
			path = Auth;
			sourceTree = "<group>";
		};
		77C60CBC28A2B02A005ED8BC /* Router */ = {
			isa = PBXGroup;
			children = (
				777E062528A0FE6300C0C541 /* AppRouter.swift */,
				777E062728A0FE8100C0C541 /* AppRouterViewModel.swift */,
			);
			path = Router;
			sourceTree = "<group>";
		};
		77C60CBD28A2B033005ED8BC /* Views */ = {
			isa = PBXGroup;
			children = (
				777E061428A0C69300C0C541 /* ProfileView.swift */,
			);
			path = Views;
			sourceTree = "<group>";
		};
		77C60CBE28A2B03E005ED8BC /* Services */ = {
			isa = PBXGroup;
			children = (
				777E061C28A0C9D300C0C541 /* AuthService.swift */,
			);
			path = Services;
			sourceTree = "<group>";
		};
		77C60CC328A2B085005ED8BC /* MainScreen */ = {
			isa = PBXGroup;
			children = (
				77C60CBF28A2B063005ED8BC /* MainSreenView.swift */,
				77C60CC128A2B073005ED8BC /* MainSreenViewModel.swift */,
			);
			path = MainScreen;
			sourceTree = "<group>";
		};
/* End PBXGroup section */

/* Begin PBXNativeTarget section */
		773166E6292CE74D00192610 /* Auth0DemoAppTests */ = {
			isa = PBXNativeTarget;
			buildConfigurationList = 773166EF292CE74D00192610 /* Build configuration list for PBXNativeTarget "Auth0DemoAppTests" */;
			buildPhases = (
				773166E3292CE74D00192610 /* Sources */,
				773166E4292CE74D00192610 /* Frameworks */,
				773166E5292CE74D00192610 /* Resources */,
			);
			buildRules = (
			);
			dependencies = (
				773166EC292CE74D00192610 /* PBXTargetDependency */,
			);
			name = Auth0DemoAppTests;
			productName = Auth0DemoAppTests;
			productReference = 773166E7292CE74D00192610 /* Auth0DemoAppTests.xctest */;
			productType = "com.apple.product-type.bundle.unit-test";
		};
		777E05FF28A0C4D200C0C541 /* Auth0DemoApp */ = {
			isa = PBXNativeTarget;
			buildConfigurationList = 777E060E28A0C4D400C0C541 /* Build configuration list for PBXNativeTarget "Auth0DemoApp" */;
			buildPhases = (
				777E05FC28A0C4D200C0C541 /* Sources */,
				777E05FD28A0C4D200C0C541 /* Frameworks */,
				777E05FE28A0C4D200C0C541 /* Resources */,
			);
			buildRules = (
			);
			dependencies = (
			);
			name = Auth0DemoApp;
			packageProductDependencies = (
				777E061228A0C65E00C0C541 /* Auth0 */,
			);
			productName = Auth0DemoApp;
			productReference = 777E060028A0C4D200C0C541 /* Auth0DemoApp.app */;
			productType = "com.apple.product-type.application";
		};
/* End PBXNativeTarget section */

/* Begin PBXProject section */
		777E05F828A0C4D200C0C541 /* Project object */ = {
			isa = PBXProject;
			attributes = {
				BuildIndependentTargetsInParallel = 1;
				LastSwiftUpdateCheck = 1410;
				LastUpgradeCheck = 1340;
				TargetAttributes = {
					773166E6292CE74D00192610 = {
						CreatedOnToolsVersion = 14.1;
						TestTargetID = 777E05FF28A0C4D200C0C541;
					};
					777E05FF28A0C4D200C0C541 = {
						CreatedOnToolsVersion = 13.4;
					};
				};
			};
			buildConfigurationList = 777E05FB28A0C4D200C0C541 /* Build configuration list for PBXProject "Auth0DemoApp" */;
			compatibilityVersion = "Xcode 13.0";
			developmentRegion = en;
			hasScannedForEncodings = 0;
			knownRegions = (
				en,
				Base,
			);
			mainGroup = 777E05F728A0C4D200C0C541;
			packageReferences = (
				777E061128A0C65E00C0C541 /* XCRemoteSwiftPackageReference "Auth0" */,
			);
			productRefGroup = 777E060128A0C4D200C0C541 /* Products */;
			projectDirPath = "";
			projectRoot = "";
			targets = (
				777E05FF28A0C4D200C0C541 /* Auth0DemoApp */,
				773166E6292CE74D00192610 /* Auth0DemoAppTests */,
			);
		};
/* End PBXProject section */

/* Begin PBXResourcesBuildPhase section */
		773166E5292CE74D00192610 /* Resources */ = {
			isa = PBXResourcesBuildPhase;
			buildActionMask = 2147483647;
			files = (
			);
			runOnlyForDeploymentPostprocessing = 0;
		};
		777E05FE28A0C4D200C0C541 /* Resources */ = {
			isa = PBXResourcesBuildPhase;
			buildActionMask = 2147483647;
			files = (
				777E060B28A0C4D400C0C541 /* Preview Assets.xcassets in Resources */,
				777E060828A0C4D400C0C541 /* Assets.xcassets in Resources */,
			);
			runOnlyForDeploymentPostprocessing = 0;
		};
/* End PBXResourcesBuildPhase section */

/* Begin PBXSourcesBuildPhase section */
		773166E3292CE74D00192610 /* Sources */ = {
			isa = PBXSourcesBuildPhase;
			buildActionMask = 2147483647;
			files = (
				773166EA292CE74D00192610 /* Auth0DemoAppTests.swift in Sources */,
			);
			runOnlyForDeploymentPostprocessing = 0;
		};
		777E05FC28A0C4D200C0C541 /* Sources */ = {
			isa = PBXSourcesBuildPhase;
			buildActionMask = 2147483647;
			files = (
				77C60CC228A2B073005ED8BC /* MainSreenViewModel.swift in Sources */,
				777E061928A0C81300C0C541 /* AuthView.swift in Sources */,
				777E061B28A0C89D00C0C541 /* AuthViewModel.swift in Sources */,
				777E062428A0E18900C0C541 /* DefaultStorage.swift in Sources */,
				777E061528A0C69300C0C541 /* ProfileView.swift in Sources */,
				777E062828A0FE8100C0C541 /* AppRouterViewModel.swift in Sources */,
				777E062228A0DC3A00C0C541 /* ViewExtensions.swift in Sources */,
				777E061728A0C6B500C0C541 /* UserModel.swift in Sources */,
				77C60CC028A2B063005ED8BC /* MainSreenView.swift in Sources */,
				773166F5292CEA8E00192610 /* ViewDidLoadModifier.swift in Sources */,
				777E062628A0FE6300C0C541 /* AppRouter.swift in Sources */,
				777E061F28A0D63D00C0C541 /* ViewModelFactory.swift in Sources */,
				777E060428A0C4D200C0C541 /* Auth0DemoAppApp.swift in Sources */,
				777E061D28A0C9D300C0C541 /* AuthService.swift in Sources */,
			);
			runOnlyForDeploymentPostprocessing = 0;
		};
/* End PBXSourcesBuildPhase section */

/* Begin PBXTargetDependency section */
		773166EC292CE74D00192610 /* PBXTargetDependency */ = {
			isa = PBXTargetDependency;
			target = 777E05FF28A0C4D200C0C541 /* Auth0DemoApp */;
			targetProxy = 773166EB292CE74D00192610 /* PBXContainerItemProxy */;
		};
/* End PBXTargetDependency section */

/* Begin XCBuildConfiguration section */
		773166ED292CE74D00192610 /* Debug */ = {
			isa = XCBuildConfiguration;
			buildSettings = {
				BUNDLE_LOADER = "$(TEST_HOST)";
				CLANG_CXX_LANGUAGE_STANDARD = "gnu++20";
				CODE_SIGN_STYLE = Automatic;
				CURRENT_PROJECT_VERSION = 1;
				DEVELOPMENT_TEAM = WZ6RX2T84D;
				GENERATE_INFOPLIST_FILE = YES;
				IPHONEOS_DEPLOYMENT_TARGET = 16.1;
				MACOSX_DEPLOYMENT_TARGET = 12.6;
				MARKETING_VERSION = 1.0;
				PRODUCT_BUNDLE_IDENTIFIER = "Evgeny-Ezub.Auth0DemoAppTests";
				PRODUCT_NAME = "$(TARGET_NAME)";
				SDKROOT = auto;
				SUPPORTED_PLATFORMS = "iphoneos iphonesimulator macosx";
				SWIFT_EMIT_LOC_STRINGS = NO;
				SWIFT_VERSION = 5.0;
				TARGETED_DEVICE_FAMILY = "1,2";
				TEST_HOST = "$(BUILT_PRODUCTS_DIR)/Auth0DemoApp.app/$(BUNDLE_EXECUTABLE_FOLDER_PATH)/Auth0DemoApp";
			};
			name = Debug;
		};
		773166EE292CE74D00192610 /* Release */ = {
			isa = XCBuildConfiguration;
			buildSettings = {
				BUNDLE_LOADER = "$(TEST_HOST)";
				CLANG_CXX_LANGUAGE_STANDARD = "gnu++20";
				CODE_SIGN_STYLE = Automatic;
				CURRENT_PROJECT_VERSION = 1;
				DEVELOPMENT_TEAM = WZ6RX2T84D;
				GENERATE_INFOPLIST_FILE = YES;
				IPHONEOS_DEPLOYMENT_TARGET = 16.1;
				MACOSX_DEPLOYMENT_TARGET = 12.6;
				MARKETING_VERSION = 1.0;
				PRODUCT_BUNDLE_IDENTIFIER = "Evgeny-Ezub.Auth0DemoAppTests";
				PRODUCT_NAME = "$(TARGET_NAME)";
				SDKROOT = auto;
				SUPPORTED_PLATFORMS = "iphoneos iphonesimulator macosx";
				SWIFT_EMIT_LOC_STRINGS = NO;
				SWIFT_VERSION = 5.0;
				TARGETED_DEVICE_FAMILY = "1,2";
				TEST_HOST = "$(BUILT_PRODUCTS_DIR)/Auth0DemoApp.app/$(BUNDLE_EXECUTABLE_FOLDER_PATH)/Auth0DemoApp";
			};
			name = Release;
		};
		777E060C28A0C4D400C0C541 /* Debug */ = {
			isa = XCBuildConfiguration;
			buildSettings = {
				ALWAYS_SEARCH_USER_PATHS = NO;
				CLANG_ANALYZER_NONNULL = YES;
				CLANG_ANALYZER_NUMBER_OBJECT_CONVERSION = YES_AGGRESSIVE;
				CLANG_CXX_LANGUAGE_STANDARD = "gnu++17";
				CLANG_ENABLE_MODULES = YES;
				CLANG_ENABLE_OBJC_ARC = YES;
				CLANG_ENABLE_OBJC_WEAK = YES;
				CLANG_WARN_BLOCK_CAPTURE_AUTORELEASING = YES;
				CLANG_WARN_BOOL_CONVERSION = YES;
				CLANG_WARN_COMMA = YES;
				CLANG_WARN_CONSTANT_CONVERSION = YES;
				CLANG_WARN_DEPRECATED_OBJC_IMPLEMENTATIONS = YES;
				CLANG_WARN_DIRECT_OBJC_ISA_USAGE = YES_ERROR;
				CLANG_WARN_DOCUMENTATION_COMMENTS = YES;
				CLANG_WARN_EMPTY_BODY = YES;
				CLANG_WARN_ENUM_CONVERSION = YES;
				CLANG_WARN_INFINITE_RECURSION = YES;
				CLANG_WARN_INT_CONVERSION = YES;
				CLANG_WARN_NON_LITERAL_NULL_CONVERSION = YES;
				CLANG_WARN_OBJC_IMPLICIT_RETAIN_SELF = YES;
				CLANG_WARN_OBJC_LITERAL_CONVERSION = YES;
				CLANG_WARN_OBJC_ROOT_CLASS = YES_ERROR;
				CLANG_WARN_QUOTED_INCLUDE_IN_FRAMEWORK_HEADER = YES;
				CLANG_WARN_RANGE_LOOP_ANALYSIS = YES;
				CLANG_WARN_STRICT_PROTOTYPES = YES;
				CLANG_WARN_SUSPICIOUS_MOVE = YES;
				CLANG_WARN_UNGUARDED_AVAILABILITY = YES_AGGRESSIVE;
				CLANG_WARN_UNREACHABLE_CODE = YES;
				CLANG_WARN__DUPLICATE_METHOD_MATCH = YES;
				COPY_PHASE_STRIP = NO;
				DEBUG_INFORMATION_FORMAT = dwarf;
				ENABLE_STRICT_OBJC_MSGSEND = YES;
				ENABLE_TESTABILITY = YES;
				GCC_C_LANGUAGE_STANDARD = gnu11;
				GCC_DYNAMIC_NO_PIC = NO;
				GCC_NO_COMMON_BLOCKS = YES;
				GCC_OPTIMIZATION_LEVEL = 0;
				GCC_PREPROCESSOR_DEFINITIONS = (
					"DEBUG=1",
					"$(inherited)",
				);
				GCC_WARN_64_TO_32_BIT_CONVERSION = YES;
				GCC_WARN_ABOUT_RETURN_TYPE = YES_ERROR;
				GCC_WARN_UNDECLARED_SELECTOR = YES;
				GCC_WARN_UNINITIALIZED_AUTOS = YES_AGGRESSIVE;
				GCC_WARN_UNUSED_FUNCTION = YES;
				GCC_WARN_UNUSED_VARIABLE = YES;
				IPHONEOS_DEPLOYMENT_TARGET = 15.5;
				MTL_ENABLE_DEBUG_INFO = INCLUDE_SOURCE;
				MTL_FAST_MATH = YES;
				ONLY_ACTIVE_ARCH = YES;
				SDKROOT = iphoneos;
				SWIFT_ACTIVE_COMPILATION_CONDITIONS = DEBUG;
				SWIFT_OPTIMIZATION_LEVEL = "-Onone";
			};
			name = Debug;
		};
		777E060D28A0C4D400C0C541 /* Release */ = {
			isa = XCBuildConfiguration;
			buildSettings = {
				ALWAYS_SEARCH_USER_PATHS = NO;
				CLANG_ANALYZER_NONNULL = YES;
				CLANG_ANALYZER_NUMBER_OBJECT_CONVERSION = YES_AGGRESSIVE;
				CLANG_CXX_LANGUAGE_STANDARD = "gnu++17";
				CLANG_ENABLE_MODULES = YES;
				CLANG_ENABLE_OBJC_ARC = YES;
				CLANG_ENABLE_OBJC_WEAK = YES;
				CLANG_WARN_BLOCK_CAPTURE_AUTORELEASING = YES;
				CLANG_WARN_BOOL_CONVERSION = YES;
				CLANG_WARN_COMMA = YES;
				CLANG_WARN_CONSTANT_CONVERSION = YES;
				CLANG_WARN_DEPRECATED_OBJC_IMPLEMENTATIONS = YES;
				CLANG_WARN_DIRECT_OBJC_ISA_USAGE = YES_ERROR;
				CLANG_WARN_DOCUMENTATION_COMMENTS = YES;
				CLANG_WARN_EMPTY_BODY = YES;
				CLANG_WARN_ENUM_CONVERSION = YES;
				CLANG_WARN_INFINITE_RECURSION = YES;
				CLANG_WARN_INT_CONVERSION = YES;
				CLANG_WARN_NON_LITERAL_NULL_CONVERSION = YES;
				CLANG_WARN_OBJC_IMPLICIT_RETAIN_SELF = YES;
				CLANG_WARN_OBJC_LITERAL_CONVERSION = YES;
				CLANG_WARN_OBJC_ROOT_CLASS = YES_ERROR;
				CLANG_WARN_QUOTED_INCLUDE_IN_FRAMEWORK_HEADER = YES;
				CLANG_WARN_RANGE_LOOP_ANALYSIS = YES;
				CLANG_WARN_STRICT_PROTOTYPES = YES;
				CLANG_WARN_SUSPICIOUS_MOVE = YES;
				CLANG_WARN_UNGUARDED_AVAILABILITY = YES_AGGRESSIVE;
				CLANG_WARN_UNREACHABLE_CODE = YES;
				CLANG_WARN__DUPLICATE_METHOD_MATCH = YES;
				COPY_PHASE_STRIP = NO;
				DEBUG_INFORMATION_FORMAT = "dwarf-with-dsym";
				ENABLE_NS_ASSERTIONS = NO;
				ENABLE_STRICT_OBJC_MSGSEND = YES;
				GCC_C_LANGUAGE_STANDARD = gnu11;
				GCC_NO_COMMON_BLOCKS = YES;
				GCC_WARN_64_TO_32_BIT_CONVERSION = YES;
				GCC_WARN_ABOUT_RETURN_TYPE = YES_ERROR;
				GCC_WARN_UNDECLARED_SELECTOR = YES;
				GCC_WARN_UNINITIALIZED_AUTOS = YES_AGGRESSIVE;
				GCC_WARN_UNUSED_FUNCTION = YES;
				GCC_WARN_UNUSED_VARIABLE = YES;
				IPHONEOS_DEPLOYMENT_TARGET = 15.5;
				MTL_ENABLE_DEBUG_INFO = NO;
				MTL_FAST_MATH = YES;
				SDKROOT = iphoneos;
				SWIFT_COMPILATION_MODE = wholemodule;
				SWIFT_OPTIMIZATION_LEVEL = "-O";
				VALIDATE_PRODUCT = YES;
			};
			name = Release;
		};
		777E060F28A0C4D400C0C541 /* Debug */ = {
			isa = XCBuildConfiguration;
			buildSettings = {
				ASSETCATALOG_COMPILER_APPICON_NAME = AppIcon;
				ASSETCATALOG_COMPILER_GLOBAL_ACCENT_COLOR_NAME = AccentColor;
				CODE_SIGN_STYLE = Automatic;
				CURRENT_PROJECT_VERSION = 1;
				DEVELOPMENT_ASSET_PATHS = "\"Auth0DemoApp/Preview Content\"";
				DEVELOPMENT_TEAM = WZ6RX2T84D;
				ENABLE_PREVIEWS = YES;
				GENERATE_INFOPLIST_FILE = YES;
				INFOPLIST_FILE = Auth0DemoApp/Info.plist;
				INFOPLIST_KEY_UIApplicationSceneManifest_Generation = YES;
				INFOPLIST_KEY_UIApplicationSupportsIndirectInputEvents = YES;
				INFOPLIST_KEY_UILaunchStoryboardName = Auth0DemoAppApp;
				INFOPLIST_KEY_UISupportedInterfaceOrientations_iPad = "UIInterfaceOrientationPortrait UIInterfaceOrientationPortraitUpsideDown UIInterfaceOrientationLandscapeLeft UIInterfaceOrientationLandscapeRight";
				INFOPLIST_KEY_UISupportedInterfaceOrientations_iPhone = "UIInterfaceOrientationPortrait UIInterfaceOrientationLandscapeLeft UIInterfaceOrientationLandscapeRight";
				LD_RUNPATH_SEARCH_PATHS = (
					"$(inherited)",
					"@executable_path/Frameworks",
				);
				MARKETING_VERSION = 1.0;
				PRODUCT_BUNDLE_IDENTIFIER = "Evgeny-Ezub.Auth0DemoApp";
				PRODUCT_NAME = "$(TARGET_NAME)";
				SWIFT_EMIT_LOC_STRINGS = YES;
				SWIFT_VERSION = 5.0;
				TARGETED_DEVICE_FAMILY = "1,2";
			};
			name = Debug;
		};
		777E061028A0C4D400C0C541 /* Release */ = {
			isa = XCBuildConfiguration;
			buildSettings = {
				ASSETCATALOG_COMPILER_APPICON_NAME = AppIcon;
				ASSETCATALOG_COMPILER_GLOBAL_ACCENT_COLOR_NAME = AccentColor;
				CODE_SIGN_STYLE = Automatic;
				CURRENT_PROJECT_VERSION = 1;
				DEVELOPMENT_ASSET_PATHS = "\"Auth0DemoApp/Preview Content\"";
				DEVELOPMENT_TEAM = WZ6RX2T84D;
				ENABLE_PREVIEWS = YES;
				GENERATE_INFOPLIST_FILE = YES;
				INFOPLIST_FILE = Auth0DemoApp/Info.plist;
				INFOPLIST_KEY_UIApplicationSceneManifest_Generation = YES;
				INFOPLIST_KEY_UIApplicationSupportsIndirectInputEvents = YES;
				INFOPLIST_KEY_UILaunchStoryboardName = Auth0DemoAppApp;
				INFOPLIST_KEY_UISupportedInterfaceOrientations_iPad = "UIInterfaceOrientationPortrait UIInterfaceOrientationPortraitUpsideDown UIInterfaceOrientationLandscapeLeft UIInterfaceOrientationLandscapeRight";
				INFOPLIST_KEY_UISupportedInterfaceOrientations_iPhone = "UIInterfaceOrientationPortrait UIInterfaceOrientationLandscapeLeft UIInterfaceOrientationLandscapeRight";
				LD_RUNPATH_SEARCH_PATHS = (
					"$(inherited)",
					"@executable_path/Frameworks",
				);
				MARKETING_VERSION = 1.0;
				PRODUCT_BUNDLE_IDENTIFIER = "Evgeny-Ezub.Auth0DemoApp";
				PRODUCT_NAME = "$(TARGET_NAME)";
				SWIFT_EMIT_LOC_STRINGS = YES;
				SWIFT_VERSION = 5.0;
				TARGETED_DEVICE_FAMILY = "1,2";
			};
			name = Release;
		};
/* End XCBuildConfiguration section */

/* Begin XCConfigurationList section */
		773166EF292CE74D00192610 /* Build configuration list for PBXNativeTarget "Auth0DemoAppTests" */ = {
			isa = XCConfigurationList;
			buildConfigurations = (
				773166ED292CE74D00192610 /* Debug */,
				773166EE292CE74D00192610 /* Release */,
			);
			defaultConfigurationIsVisible = 0;
			defaultConfigurationName = Release;
		};
		777E05FB28A0C4D200C0C541 /* Build configuration list for PBXProject "Auth0DemoApp" */ = {
			isa = XCConfigurationList;
			buildConfigurations = (
				777E060C28A0C4D400C0C541 /* Debug */,
				777E060D28A0C4D400C0C541 /* Release */,
			);
			defaultConfigurationIsVisible = 0;
			defaultConfigurationName = Release;
		};
		777E060E28A0C4D400C0C541 /* Build configuration list for PBXNativeTarget "Auth0DemoApp" */ = {
			isa = XCConfigurationList;
			buildConfigurations = (
				777E060F28A0C4D400C0C541 /* Debug */,
				777E061028A0C4D400C0C541 /* Release */,
			);
			defaultConfigurationIsVisible = 0;
			defaultConfigurationName = Release;
		};
/* End XCConfigurationList section */

/* Begin XCRemoteSwiftPackageReference section */
		777E061128A0C65E00C0C541 /* XCRemoteSwiftPackageReference "Auth0" */ = {
			isa = XCRemoteSwiftPackageReference;
			repositoryURL = "https://github.com/auth0/Auth0.swift";
			requirement = {
				kind = upToNextMajorVersion;
				minimumVersion = 2.0.0;
			};
		};
/* End XCRemoteSwiftPackageReference section */

/* Begin XCSwiftPackageProductDependency section */
		777E061228A0C65E00C0C541 /* Auth0 */ = {
			isa = XCSwiftPackageProductDependency;
			package = 777E061128A0C65E00C0C541 /* XCRemoteSwiftPackageReference "Auth0" */;
			productName = Auth0;
		};
/* End XCSwiftPackageProductDependency section */
	};
	rootObject = 777E05F828A0C4D200C0C541 /* Project object */;
}
